{
    "_meta": {
        "hash": {
            "sha256": "6d3b76522dcad4990a5f4ae2749aa9e9cac6f50aa6503e0de1ffb460b7d8827e"
        },
        "pipfile-spec": 6,
        "requires": {
            "python_version": "3.7"
        },
        "sources": [
            {
                "name": "pypi",
                "url": "https://pypi.org/simple",
                "verify_ssl": true
            }
        ]
    },
    "default": {
        "pygdbmi": {
            "hashes": [
                "sha256:81dfc9e7ffd49f5006685a243905cee72216303e5ea42f6588793dfb8c8407ab",
                "sha256:f3c2b5b691ddf8cabc804f1a7e5c23979634a755f2c363b9449f9808ad43072f"
            ],
            "index": "pypi",
            "version": "==0.10.0.2"
        }
    },
    "develop": {}
}
